
Microsoft Visual Studio Solution File, Format Version 12.00
# Visual Studio 15
VisualStudioVersion = 15.0.28307.572
MinimumVisualStudioVersion = 10.0.40219.1
Project("{FAE04EC0-301F-11D3-BF4B-00C04F79EFBC}") = "Squadcraft", "Squadcraft\Squadcraft.csproj", "{66EE8592-F198-4223-ACB8-8E7CC2EABBC7}"
EndProject
Global
	GlobalSection(SolutionConfigurationPlatforms) = preSolution
		Debug|Any CPU = Debug|Any CPU
		Debug|x64 = Debug|x64
		Release|Any CPU = Release|Any CPU
		Release|x64 = Release|x64
	EndGlobalSection
	GlobalSection(ProjectConfigurationPlatforms) = postSolution
		{66EE8592-F198-4223-ACB8-8E7CC2EABBC7}.Debug|Any CPU.ActiveCfg = Debug|Any CPU
		{66EE8592-F198-4223-ACB8-8E7CC2EABBC7}.Debug|Any CPU.Build.0 = Debug|Any CPU
		{66EE8592-F198-4223-ACB8-8E7CC2EABBC7}.Debug|x64.ActiveCfg = Debug|x64
		{66EE8592-F198-4223-ACB8-8E7CC2EABBC7}.Debug|x64.Build.0 = Debug|x64
		{66EE8592-F198-4223-ACB8-8E7CC2EABBC7}.Release|Any CPU.ActiveCfg = Release|Any CPU
		{66EE8592-F198-4223-ACB8-8E7CC2EABBC7}.Release|Any CPU.Build.0 = Release|Any CPU
		{66EE8592-F198-4223-ACB8-8E7CC2EABBC7}.Release|x64.ActiveCfg = Release|x64
		{66EE8592-F198-4223-ACB8-8E7CC2EABBC7}.Release|x64.Build.0 = Release|x64
	EndGlobalSection
	GlobalSection(SolutionProperties) = preSolution
		HideSolutionNode = FALSE
	EndGlobalSection
	GlobalSection(ExtensibilityGlobals) = postSolution
		SolutionGuid = {F44AADC6-B4D5-4965-B5D8-7A3A4F45272D}
	EndGlobalSection
EndGlobal
